
Microsoft Visual Studio Solution File, Format Version 12.00
# Visual Studio Version 16
VisualStudioVersion = 25.0.1705.4
MinimumVisualStudioVersion = 10.0.40219.1
Project("{FAE04EC0-301F-11D3-BF4B-00C04F79EFBC}") = "NetShare_Core", "NetShare_Core.csproj", "{B901F8BB-708E-4012-BAA3-FBE2474D7F84}"
EndProject
Global
	GlobalSection(SolutionConfigurationPlatforms) = preSolution
		Debug|Any CPU = Debug|Any CPU
		Release|Any CPU = Release|Any CPU
	EndGlobalSection
	GlobalSection(ProjectConfigurationPlatforms) = postSolution
		{B901F8BB-708E-4012-BAA3-FBE2474D7F84}.Debug|Any CPU.ActiveCfg = Debug|Any CPU
		{B901F8BB-708E-4012-BAA3-FBE2474D7F84}.Debug|Any CPU.Build.0 = Debug|Any CPU
		{B901F8BB-708E-4012-BAA3-FBE2474D7F84}.Release|Any CPU.ActiveCfg = Release|Any CPU
		{B901F8BB-708E-4012-BAA3-FBE2474D7F84}.Release|Any CPU.Build.0 = Release|Any CPU
	EndGlobalSection
	GlobalSection(SolutionProperties) = preSolution
		HideSolutionNode = FALSE
	EndGlobalSection
	GlobalSection(ExtensibilityGlobals) = postSolution
		SolutionGuid = {2858906C-B9B9-4890-B1E4-80A5A2229CC3}
	EndGlobalSection
EndGlobal
